
Microsoft Visual Studio Solution File, Format Version 12.00
# Visual Studio Version 17
VisualStudioVersion = 17.8.34330.188
MinimumVisualStudioVersion = 10.0.40219.1
Project("{9A19103F-16F7-4668-BE54-9A1E7A4F7556}") = "AgendaLeaf", "AgendaLeaf.csproj", "{ED10844C-8228-44F3-BC05-42F72C12A614}"
EndProject
Global
	GlobalSection(SolutionConfigurationPlatforms) = preSolution
		Debug|Any CPU = Debug|Any CPU
		Release|Any CPU = Release|Any CPU
	EndGlobalSection
	GlobalSection(ProjectConfigurationPlatforms) = postSolution
		{ED10844C-8228-44F3-BC05-42F72C12A614}.Debug|Any CPU.ActiveCfg = Debug|Any CPU
		{ED10844C-8228-44F3-BC05-42F72C12A614}.Debug|Any CPU.Build.0 = Debug|Any CPU
		{ED10844C-8228-44F3-BC05-42F72C12A614}.Release|Any CPU.ActiveCfg = Release|Any CPU
		{ED10844C-8228-44F3-BC05-42F72C12A614}.Release|Any CPU.Build.0 = Release|Any CPU
	EndGlobalSection
	GlobalSection(SolutionProperties) = preSolution
		HideSolutionNode = FALSE
	EndGlobalSection
	GlobalSection(ExtensibilityGlobals) = postSolution
		SolutionGuid = {047C2E66-366E-43DF-8F0A-02FF30ED1E61}
	EndGlobalSection
EndGlobal
